
Microsoft Visual Studio Solution File, Format Version 12.00
# Visual Studio Version 17
VisualStudioVersion = 17.6.33513.286
MinimumVisualStudioVersion = 10.0.40219.1
Project("{FAE04EC0-301F-11D3-BF4B-00C04F79EFBC}") = "PayrollSystem", "PayrollSystem\PayrollSystem.csproj", "{994CA9A5-5D44-4E2F-A5A2-878574A0FCD3}"
EndProject
Project("{FAE04EC0-301F-11D3-BF4B-00C04F79EFBC}") = "AdapterPattern", "AdapterPattern\AdapterPattern.csproj", "{ADC277EB-652D-4BDD-9CA3-2164298B18CE}"
EndProject
Global
	GlobalSection(SolutionConfigurationPlatforms) = preSolution
		Debug|Any CPU = Debug|Any CPU
		Release|Any CPU = Release|Any CPU
	EndGlobalSection
	GlobalSection(ProjectConfigurationPlatforms) = postSolution
		{994CA9A5-5D44-4E2F-A5A2-878574A0FCD3}.Debug|Any CPU.ActiveCfg = Debug|Any CPU
		{994CA9A5-5D44-4E2F-A5A2-878574A0FCD3}.Debug|Any CPU.Build.0 = Debug|Any CPU
		{994CA9A5-5D44-4E2F-A5A2-878574A0FCD3}.Release|Any CPU.ActiveCfg = Release|Any CPU
		{994CA9A5-5D44-4E2F-A5A2-878574A0FCD3}.Release|Any CPU.Build.0 = Release|Any CPU
		{ADC277EB-652D-4BDD-9CA3-2164298B18CE}.Debug|Any CPU.ActiveCfg = Debug|Any CPU
		{ADC277EB-652D-4BDD-9CA3-2164298B18CE}.Debug|Any CPU.Build.0 = Debug|Any CPU
		{ADC277EB-652D-4BDD-9CA3-2164298B18CE}.Release|Any CPU.ActiveCfg = Release|Any CPU
		{ADC277EB-652D-4BDD-9CA3-2164298B18CE}.Release|Any CPU.Build.0 = Release|Any CPU
	EndGlobalSection
	GlobalSection(SolutionProperties) = preSolution
		HideSolutionNode = FALSE
	EndGlobalSection
	GlobalSection(ExtensibilityGlobals) = postSolution
		SolutionGuid = {5763F74F-C90B-4C9F-98D3-D568C455F077}
	EndGlobalSection
EndGlobal
